
Microsoft Visual Studio Solution File, Format Version 11.00
# Visual C++ Express 2010
Project("{8BC9CEB8-8B4A-11D0-8D11-00A0C91BC942}") = "utests-ssmlib", "utests-ssmlib.vcxproj", "{2FFD7D6C-F3BF-4ED6-8593-20AC70A83AC1}"
	ProjectSection(ProjectDependencies) = postProject
		{25A6CE1B-83F7-4859-A1EA-B7A8EAFFD2C6} = {25A6CE1B-83F7-4859-A1EA-B7A8EAFFD2C6}
	EndProjectSection
EndProject
Project("{8BC9CEB8-8B4A-11D0-8D11-00A0C91BC942}") = "ssmlib", "ssmlib.vcxproj", "{25A6CE1B-83F7-4859-A1EA-B7A8EAFFD2C6}"
EndProject
Project("{8BC9CEB8-8B4A-11D0-8D11-00A0C91BC942}") = "demo-staticstrings-ssmlib", "demo-staticstrings-ssmlib.vcxproj", "{BE9C0AFD-F741-4D42-9B3B-43A527C388D7}"
	ProjectSection(ProjectDependencies) = postProject
		{25A6CE1B-83F7-4859-A1EA-B7A8EAFFD2C6} = {25A6CE1B-83F7-4859-A1EA-B7A8EAFFD2C6}
	EndProjectSection
EndProject
Project("{8BC9CEB8-8B4A-11D0-8D11-00A0C91BC942}") = "demo-dynamicstrings-ssmlib", "demo-dynamicstrings-ssmlib.vcxproj", "{5877CE7F-38D9-4CCD-BF21-DAE5DBB12D62}"
	ProjectSection(ProjectDependencies) = postProject
		{25A6CE1B-83F7-4859-A1EA-B7A8EAFFD2C6} = {25A6CE1B-83F7-4859-A1EA-B7A8EAFFD2C6}
	EndProjectSection
EndProject
Project("{8BC9CEB8-8B4A-11D0-8D11-00A0C91BC942}") = "demo-staticbuffers-ssmlib", "demo-staticbuffers-ssmlib.vcxproj", "{B343A769-93DA-4FF0-8A8A-F85A6ECFC061}"
	ProjectSection(ProjectDependencies) = postProject
		{25A6CE1B-83F7-4859-A1EA-B7A8EAFFD2C6} = {25A6CE1B-83F7-4859-A1EA-B7A8EAFFD2C6}
	EndProjectSection
EndProject
Project("{8BC9CEB8-8B4A-11D0-8D11-00A0C91BC942}") = "demo-dynamicbuffers-ssmlib", "demo-dynamicbuffers-ssmlib.vcxproj", "{1B4690F4-49DC-4371-A457-48C3765F9E7E}"
	ProjectSection(ProjectDependencies) = postProject
		{25A6CE1B-83F7-4859-A1EA-B7A8EAFFD2C6} = {25A6CE1B-83F7-4859-A1EA-B7A8EAFFD2C6}
	EndProjectSection
EndProject
Project("{8BC9CEB8-8B4A-11D0-8D11-00A0C91BC942}") = "ssmdll", "ssmdll.vcxproj", "{1AD31049-26B0-4922-89CF-778040DFC51E}"
EndProject
Project("{8BC9CEB8-8B4A-11D0-8D11-00A0C91BC942}") = "demo-dynamicbuffers-ssmdll", "demo-dynamicbuffers-ssmdll.vcxproj", "{1099FFE7-AE34-430D-9E07-07948042601B}"
	ProjectSection(ProjectDependencies) = postProject
		{1AD31049-26B0-4922-89CF-778040DFC51E} = {1AD31049-26B0-4922-89CF-778040DFC51E}
	EndProjectSection
EndProject
Project("{8BC9CEB8-8B4A-11D0-8D11-00A0C91BC942}") = "demo-dynamicstrings-ssmdll", "demo-dynamicstrings-ssmdll.vcxproj", "{8BF0C49B-EACC-4583-A81F-65B7A844D5EA}"
	ProjectSection(ProjectDependencies) = postProject
		{1AD31049-26B0-4922-89CF-778040DFC51E} = {1AD31049-26B0-4922-89CF-778040DFC51E}
	EndProjectSection
EndProject
Project("{8BC9CEB8-8B4A-11D0-8D11-00A0C91BC942}") = "demo-staticstrings-ssmdll", "demo-staticstrings-ssmdll.vcxproj", "{55267EC0-F1A8-43A9-A5EC-9C670586A2D2}"
	ProjectSection(ProjectDependencies) = postProject
		{1AD31049-26B0-4922-89CF-778040DFC51E} = {1AD31049-26B0-4922-89CF-778040DFC51E}
	EndProjectSection
EndProject
Project("{8BC9CEB8-8B4A-11D0-8D11-00A0C91BC942}") = "demo-staticbuffers-ssmdll", "demo-staticbuffers-ssmdll.vcxproj", "{DD199F36-D4BA-422D-9CCF-74780FBBFC71}"
	ProjectSection(ProjectDependencies) = postProject
		{1AD31049-26B0-4922-89CF-778040DFC51E} = {1AD31049-26B0-4922-89CF-778040DFC51E}
	EndProjectSection
EndProject
Project("{8BC9CEB8-8B4A-11D0-8D11-00A0C91BC942}") = "utests-ssmdll", "utests-ssmdll.vcxproj", "{A5E2A70F-CA57-460C-9BE0-473BD61DF467}"
	ProjectSection(ProjectDependencies) = postProject
		{1AD31049-26B0-4922-89CF-778040DFC51E} = {1AD31049-26B0-4922-89CF-778040DFC51E}
	EndProjectSection
EndProject
Project("{8BC9CEB8-8B4A-11D0-8D11-00A0C91BC942}") = "benchmark", "benchmark.vcxproj", "{FC646EFE-46CC-4EB4-A2EA-D8A5DDD91340}"
	ProjectSection(ProjectDependencies) = postProject
		{25A6CE1B-83F7-4859-A1EA-B7A8EAFFD2C6} = {25A6CE1B-83F7-4859-A1EA-B7A8EAFFD2C6}
	EndProjectSection
EndProject
Global
	GlobalSection(SolutionConfigurationPlatforms) = preSolution
		Debug|Win32 = Debug|Win32
		Release|Win32 = Release|Win32
	EndGlobalSection
	GlobalSection(ProjectConfigurationPlatforms) = postSolution
		{2FFD7D6C-F3BF-4ED6-8593-20AC70A83AC1}.Debug|Win32.ActiveCfg = Debug|Win32
		{2FFD7D6C-F3BF-4ED6-8593-20AC70A83AC1}.Debug|Win32.Build.0 = Debug|Win32
		{2FFD7D6C-F3BF-4ED6-8593-20AC70A83AC1}.Release|Win32.ActiveCfg = Release|Win32
		{2FFD7D6C-F3BF-4ED6-8593-20AC70A83AC1}.Release|Win32.Build.0 = Release|Win32
		{25A6CE1B-83F7-4859-A1EA-B7A8EAFFD2C6}.Debug|Win32.ActiveCfg = Debug|Win32
		{25A6CE1B-83F7-4859-A1EA-B7A8EAFFD2C6}.Debug|Win32.Build.0 = Debug|Win32
		{25A6CE1B-83F7-4859-A1EA-B7A8EAFFD2C6}.Release|Win32.ActiveCfg = Release|Win32
		{25A6CE1B-83F7-4859-A1EA-B7A8EAFFD2C6}.Release|Win32.Build.0 = Release|Win32
		{BE9C0AFD-F741-4D42-9B3B-43A527C388D7}.Debug|Win32.ActiveCfg = Debug|Win32
		{BE9C0AFD-F741-4D42-9B3B-43A527C388D7}.Debug|Win32.Build.0 = Debug|Win32
		{BE9C0AFD-F741-4D42-9B3B-43A527C388D7}.Release|Win32.ActiveCfg = Release|Win32
		{BE9C0AFD-F741-4D42-9B3B-43A527C388D7}.Release|Win32.Build.0 = Release|Win32
		{5877CE7F-38D9-4CCD-BF21-DAE5DBB12D62}.Debug|Win32.ActiveCfg = Debug|Win32
		{5877CE7F-38D9-4CCD-BF21-DAE5DBB12D62}.Debug|Win32.Build.0 = Debug|Win32
		{5877CE7F-38D9-4CCD-BF21-DAE5DBB12D62}.Release|Win32.ActiveCfg = Release|Win32
		{5877CE7F-38D9-4CCD-BF21-DAE5DBB12D62}.Release|Win32.Build.0 = Release|Win32
		{B343A769-93DA-4FF0-8A8A-F85A6ECFC061}.Debug|Win32.ActiveCfg = Debug|Win32
		{B343A769-93DA-4FF0-8A8A-F85A6ECFC061}.Debug|Win32.Build.0 = Debug|Win32
		{B343A769-93DA-4FF0-8A8A-F85A6ECFC061}.Release|Win32.ActiveCfg = Release|Win32
		{B343A769-93DA-4FF0-8A8A-F85A6ECFC061}.Release|Win32.Build.0 = Release|Win32
		{1B4690F4-49DC-4371-A457-48C3765F9E7E}.Debug|Win32.ActiveCfg = Debug|Win32
		{1B4690F4-49DC-4371-A457-48C3765F9E7E}.Debug|Win32.Build.0 = Debug|Win32
		{1B4690F4-49DC-4371-A457-48C3765F9E7E}.Release|Win32.ActiveCfg = Release|Win32
		{1B4690F4-49DC-4371-A457-48C3765F9E7E}.Release|Win32.Build.0 = Release|Win32
		{1AD31049-26B0-4922-89CF-778040DFC51E}.Debug|Win32.ActiveCfg = Debug|Win32
		{1AD31049-26B0-4922-89CF-778040DFC51E}.Debug|Win32.Build.0 = Debug|Win32
		{1AD31049-26B0-4922-89CF-778040DFC51E}.Release|Win32.ActiveCfg = Release|Win32
		{1AD31049-26B0-4922-89CF-778040DFC51E}.Release|Win32.Build.0 = Release|Win32
		{1099FFE7-AE34-430D-9E07-07948042601B}.Debug|Win32.ActiveCfg = Debug|Win32
		{1099FFE7-AE34-430D-9E07-07948042601B}.Debug|Win32.Build.0 = Debug|Win32
		{1099FFE7-AE34-430D-9E07-07948042601B}.Release|Win32.ActiveCfg = Release|Win32
		{1099FFE7-AE34-430D-9E07-07948042601B}.Release|Win32.Build.0 = Release|Win32
		{8BF0C49B-EACC-4583-A81F-65B7A844D5EA}.Debug|Win32.ActiveCfg = Debug|Win32
		{8BF0C49B-EACC-4583-A81F-65B7A844D5EA}.Debug|Win32.Build.0 = Debug|Win32
		{8BF0C49B-EACC-4583-A81F-65B7A844D5EA}.Release|Win32.ActiveCfg = Release|Win32
		{8BF0C49B-EACC-4583-A81F-65B7A844D5EA}.Release|Win32.Build.0 = Release|Win32
		{55267EC0-F1A8-43A9-A5EC-9C670586A2D2}.Debug|Win32.ActiveCfg = Debug|Win32
		{55267EC0-F1A8-43A9-A5EC-9C670586A2D2}.Debug|Win32.Build.0 = Debug|Win32
		{55267EC0-F1A8-43A9-A5EC-9C670586A2D2}.Release|Win32.ActiveCfg = Release|Win32
		{55267EC0-F1A8-43A9-A5EC-9C670586A2D2}.Release|Win32.Build.0 = Release|Win32
		{DD199F36-D4BA-422D-9CCF-74780FBBFC71}.Debug|Win32.ActiveCfg = Debug|Win32
		{DD199F36-D4BA-422D-9CCF-74780FBBFC71}.Debug|Win32.Build.0 = Debug|Win32
		{DD199F36-D4BA-422D-9CCF-74780FBBFC71}.Release|Win32.ActiveCfg = Release|Win32
		{DD199F36-D4BA-422D-9CCF-74780FBBFC71}.Release|Win32.Build.0 = Release|Win32
		{A5E2A70F-CA57-460C-9BE0-473BD61DF467}.Debug|Win32.ActiveCfg = Debug|Win32
		{A5E2A70F-CA57-460C-9BE0-473BD61DF467}.Debug|Win32.Build.0 = Debug|Win32
		{A5E2A70F-CA57-460C-9BE0-473BD61DF467}.Release|Win32.ActiveCfg = Release|Win32
		{A5E2A70F-CA57-460C-9BE0-473BD61DF467}.Release|Win32.Build.0 = Release|Win32
		{FC646EFE-46CC-4EB4-A2EA-D8A5DDD91340}.Debug|Win32.ActiveCfg = Debug|Win32
		{FC646EFE-46CC-4EB4-A2EA-D8A5DDD91340}.Debug|Win32.Build.0 = Debug|Win32
		{FC646EFE-46CC-4EB4-A2EA-D8A5DDD91340}.Release|Win32.ActiveCfg = Release|Win32
		{FC646EFE-46CC-4EB4-A2EA-D8A5DDD91340}.Release|Win32.Build.0 = Release|Win32
	EndGlobalSection
	GlobalSection(SolutionProperties) = preSolution
		HideSolutionNode = FALSE
	EndGlobalSection
EndGlobal
