<?xml version="1.0" encoding="utf-8"?>
<Project ToolsVersion="4.0" xmlns="http://schemas.microsoft.com/developer/msbuild/2003">
  <ItemGroup>
    <Filter Include="Source Files">
      <UniqueIdentifier>{4FC737F1-C7A5-4376-A066-2A32D752A2FF}</UniqueIdentifier>
      <Extensions>cpp;c;cc;cxx;def;odl;idl;hpj;bat;asm;asmx</Extensions>
    </Filter>
    <Filter Include="Header Files">
      <UniqueIdentifier>{93995380-89BD-4b04-88EB-625FBE52EBFB}</UniqueIdentifier>
      <Extensions>h;hpp;hxx;hm;inl;inc;xsd</Extensions>
    </Filter>
    <Filter Include="Resource Files">
      <UniqueIdentifier>{67DA6AB6-F800-4c08-8B7A-83BB121AAD01}</UniqueIdentifier>
      <Extensions>rc;ico;cur;bmp;dlg;rc2;rct;bin;rgs;gif;jpg;jpeg;jpe;resx;tiff;tif;png;wav;mfcribbon-ms</Extensions>
    </Filter>
    <Filter Include="Documentation">
      <UniqueIdentifier>{47521609-3d61-4644-9ecf-8b31bbe0094a}</UniqueIdentifier>
      <Extensions>txt;dox</Extensions>
    </Filter>
  </ItemGroup>
  <ItemGroup>
    <ClCompile Include="..\utests\main.c">
      <Filter>Source Files</Filter>
    </ClCompile>
    <ClCompile Include="..\utests\ssm_platform_test.c">
      <Filter>Source Files</Filter>
    </ClCompile>
    <ClCompile Include="..\utests\ssm_dbuffer_canary_test.c">
      <Filter>Source Files</Filter>
    </ClCompile>
    <ClCompile Include="..\utests\ssm_dbuffer_test.c">
      <Filter>Source Files</Filter>
    </ClCompile>
    <ClCompile Include="..\utests\ssm_dstring_canary_test.c">
      <Filter>Source Files</Filter>
    </ClCompile>
    <ClCompile Include="..\utests\ssm_dstring_test.c">
      <Filter>Source Files</Filter>
    </ClCompile>
    <ClCompile Include="..\utests\ssm_sbuffer_canary_test.c">
      <Filter>Source Files</Filter>
    </ClCompile>
    <ClCompile Include="..\utests\ssm_sbuffer_test.c">
      <Filter>Source Files</Filter>
    </ClCompile>
    <ClCompile Include="..\utests\ssm_sstring_canary_test.c">
      <Filter>Source Files</Filter>
    </ClCompile>
    <ClCompile Include="..\utests\ssm_sstring_test.c">
      <Filter>Source Files</Filter>
    </ClCompile>
    <ClCompile Include="..\utests\utests.c">
      <Filter>Source Files</Filter>
    </ClCompile>
    <ClCompile Include="..\utests\ssm_memory_management_test.c">
      <Filter>Source Files</Filter>
    </ClCompile>
    <ClCompile Include="..\utests\ssm_memory_management_canary_test.c">
      <Filter>Source Files</Filter>
    </ClCompile>
    <ClCompile Include="..\utests\ssm_memory_copy_test.c">
      <Filter>Source Files</Filter>
    </ClCompile>
    <ClCompile Include="..\utests\ssm_cstring_test.c">
      <Filter>Source Files</Filter>
    </ClCompile>
    <ClCompile Include="..\utests\ssm_status_test.c">
      <Filter>Source Files</Filter>
    </ClCompile>
    <ClCompile Include="..\utests\ssm_memory_set_test.c">
      <Filter>Source Files</Filter>
    </ClCompile>
    <ClCompile Include="..\utests\ssm_memory_compare_test.c">
      <Filter>Source Files</Filter>
    </ClCompile>
    <ClCompile Include="..\utests\ssm_c11k_test.c">
      <Filter>Source Files</Filter>
    </ClCompile>
  </ItemGroup>
  <ItemGroup>
    <ClInclude Include="..\utests\ssm_platform_test.h">
      <Filter>Header Files</Filter>
    </ClInclude>
    <ClInclude Include="..\utests\ssm_dbuffer_canary_test.h">
      <Filter>Header Files</Filter>
    </ClInclude>
    <ClInclude Include="..\utests\ssm_dbuffer_test.h">
      <Filter>Header Files</Filter>
    </ClInclude>
    <ClInclude Include="..\utests\ssm_dstring_canary_test.h">
      <Filter>Header Files</Filter>
    </ClInclude>
    <ClInclude Include="..\utests\ssm_dstring_test.h">
      <Filter>Header Files</Filter>
    </ClInclude>
    <ClInclude Include="..\utests\ssm_sbuffer_canary_test.h">
      <Filter>Header Files</Filter>
    </ClInclude>
    <ClInclude Include="..\utests\ssm_sbuffer_test.h">
      <Filter>Header Files</Filter>
    </ClInclude>
    <ClInclude Include="..\utests\ssm_sstring_canary_test.h">
      <Filter>Header Files</Filter>
    </ClInclude>
    <ClInclude Include="..\utests\ssm_sstring_test.h">
      <Filter>Header Files</Filter>
    </ClInclude>
    <ClInclude Include="..\utests\utests.h">
      <Filter>Header Files</Filter>
    </ClInclude>
    <ClInclude Include="..\utests\ssm_memory_management_test.h">
      <Filter>Header Files</Filter>
    </ClInclude>
    <ClInclude Include="..\utests\ssm_memory_management_canary_test.h">
      <Filter>Header Files</Filter>
    </ClInclude>
    <ClInclude Include="..\utests\ssm_memory_copy_test.h">
      <Filter>Header Files</Filter>
    </ClInclude>
    <ClInclude Include="..\utests\ssm_cstring_test.h">
      <Filter>Header Files</Filter>
    </ClInclude>
    <ClInclude Include="..\utests\ssm_status_test.h">
      <Filter>Header Files</Filter>
    </ClInclude>
    <ClInclude Include="..\utests\ssm_memory_set_test.h">
      <Filter>Header Files</Filter>
    </ClInclude>
    <ClInclude Include="..\utests\ssm_memory_compare_test.h">
      <Filter>Header Files</Filter>
    </ClInclude>
    <ClInclude Include="..\utests\ssm_c11k_test.h">
      <Filter>Header Files</Filter>
    </ClInclude>
  </ItemGroup>
</Project>